{
  "version": 4,
  "terraform_version": "1.0.9",
  "serial": 8,
  "lineage": "a3160c5f-3412-e4f1-b4ee-eda1931fa863",
  "outputs": {},
  "resources": [
    {
      "mode": "managed",
      "type": "yandex_compute_instance",
      "name": "netology-ext",
      "provider": "provider[\"registry.terraform.io/yandex-cloud/yandex\"]",
      "instances": [
        {
          "schema_version": 1,
          "attributes": {
            "allow_recreate": null,
            "allow_stopping_for_update": null,
            "boot_disk": [
              {
                "auto_delete": true,
                "device_name": "fhm7edo0pfhv1sb8rjpc",
                "disk_id": "fhm7edo0pfhv1sb8rjpc",
                "initialize_params": [
                  {
                    "block_size": 4096,
                    "description": "",
                    "image_id": "fd8f1tik9a7ap9ik2dg1",
                    "name": "",
                    "size": 5,
                    "snapshot_id": "",
                    "type": "network-hdd"
                  }
                ],
                "mode": "READ_WRITE"
              }
            ],
            "created_at": "2022-08-07T15:21:31Z",
            "description": "",
            "folder_id": "b1g32bc6ughpds2k1k6o",
            "fqdn": "fhmtger7tbjqh70jjetp.auto.internal",
            "hostname": "",
            "id": "fhmtger7tbjqh70jjetp",
            "labels": null,
            "local_disk": [],
            "metadata": {
              "ssh-keys": "ubuntu:ssh-rsa AAAAB3NzaC1yc2EAAAADAQABAAABAQDORbgPBdgjHIEjH1nYps2NhRmkk1vdQnX7Jx6cWd2hZV5uy9eGuKhdWPjQwgEcKgP/7ZmW0XNR0oDwVs466F5iK2nh6SnzgPbUsUrf7PN4UViL6oLWgJRTRR6JQVilRKxSfPTjHUoC1bH17iGvtlaeRB8kcQdY/ChXi3KU0tZnaKdndPxzcPffHwp2npvJeM4nBib8pgV5hIz6ezeGlnfF6yg8dYUqFckdIL5OoLKcV4sN+kNw9DrWdha9CK0pvryy4vPxVJvvIc+PEHIzdMzD9KDrgq5AWWAUUdSueukFK84UxwG/lVCnNOpNmTmBhnJKJSXf9lCiYy5JipRW8aJ/ bansh@R2D2\n"
            },
            "name": "netology-ext",
            "network_acceleration_type": "standard",
            "network_interface": [
              {
                "dns_record": [],
                "index": 0,
                "ip_address": "192.168.10.24",
                "ipv4": true,
                "ipv6": false,
                "ipv6_address": "",
                "ipv6_dns_record": [],
                "mac_address": "d0:0d:1d:83:b6:7e",
                "nat": true,
                "nat_dns_record": [],
                "nat_ip_address": "51.250.64.193",
                "nat_ip_version": "IPV4",
                "security_group_ids": [],
                "subnet_id": "e9br0t6m67ralov7o369"
              }
            ],
            "placement_policy": [
              {
                "host_affinity_rules": [],
                "placement_group_id": ""
              }
            ],
            "platform_id": "standard-v1",
            "resources": [
              {
                "core_fraction": 100,
                "cores": 2,
                "gpus": 0,
                "memory": 2
              }
            ],
            "scheduling_policy": [
              {
                "preemptible": false
              }
            ],
            "secondary_disk": [],
            "service_account_id": "",
            "status": "running",
            "timeouts": null,
            "zone": "ru-central1-a"
          },
          "sensitive_attributes": [],
          "private": "eyJlMmJmYjczMC1lY2FhLTExZTYtOGY4OC0zNDM2M2JjN2M0YzAiOnsiY3JlYXRlIjozMDAwMDAwMDAwMDAsImRlbGV0ZSI6MzAwMDAwMDAwMDAwLCJ1cGRhdGUiOjMwMDAwMDAwMDAwMH0sInNjaGVtYV92ZXJzaW9uIjoiMSJ9",
          "dependencies": [
            "yandex_vpc_network.netology-network",
            "yandex_vpc_subnet.netology-subnet-ext"
          ]
        }
      ]
    },
    {
      "mode": "managed",
      "type": "yandex_compute_instance",
      "name": "netology-int",
      "provider": "provider[\"registry.terraform.io/yandex-cloud/yandex\"]",
      "instances": [
        {
          "schema_version": 1,
          "attributes": {
            "allow_recreate": null,
            "allow_stopping_for_update": null,
            "boot_disk": [
              {
                "auto_delete": true,
                "device_name": "fhmn9l7hq5tbvbmp5gj6",
                "disk_id": "fhmn9l7hq5tbvbmp5gj6",
                "initialize_params": [
                  {
                    "block_size": 4096,
                    "description": "",
                    "image_id": "fd8f1tik9a7ap9ik2dg1",
                    "name": "",
                    "size": 5,
                    "snapshot_id": "",
                    "type": "network-hdd"
                  }
                ],
                "mode": "READ_WRITE"
              }
            ],
            "created_at": "2022-08-07T15:21:33Z",
            "description": "",
            "folder_id": "b1g32bc6ughpds2k1k6o",
            "fqdn": "fhm6k7egrs47m257rpha.auto.internal",
            "hostname": "",
            "id": "fhm6k7egrs47m257rpha",
            "labels": null,
            "local_disk": [],
            "metadata": {
              "ssh-keys": "ubuntu:ssh-rsa AAAAB3NzaC1yc2EAAAADAQABAAABAQDORbgPBdgjHIEjH1nYps2NhRmkk1vdQnX7Jx6cWd2hZV5uy9eGuKhdWPjQwgEcKgP/7ZmW0XNR0oDwVs466F5iK2nh6SnzgPbUsUrf7PN4UViL6oLWgJRTRR6JQVilRKxSfPTjHUoC1bH17iGvtlaeRB8kcQdY/ChXi3KU0tZnaKdndPxzcPffHwp2npvJeM4nBib8pgV5hIz6ezeGlnfF6yg8dYUqFckdIL5OoLKcV4sN+kNw9DrWdha9CK0pvryy4vPxVJvvIc+PEHIzdMzD9KDrgq5AWWAUUdSueukFK84UxwG/lVCnNOpNmTmBhnJKJSXf9lCiYy5JipRW8aJ/ bansh@R2D2\n"
            },
            "name": "netology-int",
            "network_acceleration_type": "standard",
            "network_interface": [
              {
                "dns_record": [],
                "index": 0,
                "ip_address": "192.168.20.13",
                "ipv4": true,
                "ipv6": false,
                "ipv6_address": "",
                "ipv6_dns_record": [],
                "mac_address": "d0:0d:6a:1d:d0:df",
                "nat": false,
                "nat_dns_record": [],
                "nat_ip_address": "",
                "nat_ip_version": "",
                "security_group_ids": [],
                "subnet_id": "e9bfskc77ql33fkjfvku"
              }
            ],
            "placement_policy": [
              {
                "host_affinity_rules": [],
                "placement_group_id": ""
              }
            ],
            "platform_id": "standard-v1",
            "resources": [
              {
                "core_fraction": 100,
                "cores": 2,
                "gpus": 0,
                "memory": 2
              }
            ],
            "scheduling_policy": [
              {
                "preemptible": false
              }
            ],
            "secondary_disk": [],
            "service_account_id": "",
            "status": "running",
            "timeouts": null,
            "zone": "ru-central1-a"
          },
          "sensitive_attributes": [],
          "private": "eyJlMmJmYjczMC1lY2FhLTExZTYtOGY4OC0zNDM2M2JjN2M0YzAiOnsiY3JlYXRlIjozMDAwMDAwMDAwMDAsImRlbGV0ZSI6MzAwMDAwMDAwMDAwLCJ1cGRhdGUiOjMwMDAwMDAwMDAwMH0sInNjaGVtYV92ZXJzaW9uIjoiMSJ9",
          "dependencies": [
            "yandex_vpc_network.netology-network",
            "yandex_vpc_route_table.netology-route",
            "yandex_vpc_subnet.netology-subnet-int"
          ]
        }
      ]
    },
    {
      "mode": "managed",
      "type": "yandex_compute_instance",
      "name": "netology-nat",
      "provider": "provider[\"registry.terraform.io/yandex-cloud/yandex\"]",
      "instances": [
        {
          "schema_version": 1,
          "attributes": {
            "allow_recreate": null,
            "allow_stopping_for_update": null,
            "boot_disk": [
              {
                "auto_delete": true,
                "device_name": "fhm15cfop8jr9m065vh3",
                "disk_id": "fhm15cfop8jr9m065vh3",
                "initialize_params": [
                  {
                    "block_size": 4096,
                    "description": "",
                    "image_id": "fd80mrhj8fl2oe87o4e1",
                    "name": "",
                    "size": 3,
                    "snapshot_id": "",
                    "type": "network-hdd"
                  }
                ],
                "mode": "READ_WRITE"
              }
            ],
            "created_at": "2022-08-07T15:21:31Z",
            "description": "",
            "folder_id": "b1g32bc6ughpds2k1k6o",
            "fqdn": "fhmvq1iav495rusmn4je.auto.internal",
            "hostname": "",
            "id": "fhmvq1iav495rusmn4je",
            "labels": null,
            "local_disk": [],
            "metadata": {
              "ssh-keys": "ubuntu:ssh-rsa AAAAB3NzaC1yc2EAAAADAQABAAABAQDORbgPBdgjHIEjH1nYps2NhRmkk1vdQnX7Jx6cWd2hZV5uy9eGuKhdWPjQwgEcKgP/7ZmW0XNR0oDwVs466F5iK2nh6SnzgPbUsUrf7PN4UViL6oLWgJRTRR6JQVilRKxSfPTjHUoC1bH17iGvtlaeRB8kcQdY/ChXi3KU0tZnaKdndPxzcPffHwp2npvJeM4nBib8pgV5hIz6ezeGlnfF6yg8dYUqFckdIL5OoLKcV4sN+kNw9DrWdha9CK0pvryy4vPxVJvvIc+PEHIzdMzD9KDrgq5AWWAUUdSueukFK84UxwG/lVCnNOpNmTmBhnJKJSXf9lCiYy5JipRW8aJ/ bansh@R2D2\n"
            },
            "name": "netology-nat",
            "network_acceleration_type": "standard",
            "network_interface": [
              {
                "dns_record": [],
                "index": 0,
                "ip_address": "192.168.10.254",
                "ipv4": true,
                "ipv6": false,
                "ipv6_address": "",
                "ipv6_dns_record": [],
                "mac_address": "d0:0d:1f:d0:64:af",
                "nat": true,
                "nat_dns_record": [],
                "nat_ip_address": "51.250.73.248",
                "nat_ip_version": "IPV4",
                "security_group_ids": [],
                "subnet_id": "e9br0t6m67ralov7o369"
              }
            ],
            "placement_policy": [
              {
                "host_affinity_rules": [],
                "placement_group_id": ""
              }
            ],
            "platform_id": "standard-v1",
            "resources": [
              {
                "core_fraction": 100,
                "cores": 2,
                "gpus": 0,
                "memory": 2
              }
            ],
            "scheduling_policy": [
              {
                "preemptible": false
              }
            ],
            "secondary_disk": [],
            "service_account_id": "",
            "status": "running",
            "timeouts": null,
            "zone": "ru-central1-a"
          },
          "sensitive_attributes": [],
          "private": "eyJlMmJmYjczMC1lY2FhLTExZTYtOGY4OC0zNDM2M2JjN2M0YzAiOnsiY3JlYXRlIjozMDAwMDAwMDAwMDAsImRlbGV0ZSI6MzAwMDAwMDAwMDAwLCJ1cGRhdGUiOjMwMDAwMDAwMDAwMH0sInNjaGVtYV92ZXJzaW9uIjoiMSJ9",
          "dependencies": [
            "yandex_vpc_network.netology-network",
            "yandex_vpc_subnet.netology-subnet-ext"
          ]
        }
      ]
    },
    {
      "mode": "managed",
      "type": "yandex_vpc_network",
      "name": "netology-network",
      "provider": "provider[\"registry.terraform.io/yandex-cloud/yandex\"]",
      "instances": [
        {
          "schema_version": 0,
          "attributes": {
            "created_at": "2022-08-07T15:21:28Z",
            "default_security_group_id": "",
            "description": "",
            "folder_id": "b1g32bc6ughpds2k1k6o",
            "id": "enpoh85qno8g5a2n9bk1",
            "labels": {},
            "name": "netology-network",
            "subnet_ids": [],
            "timeouts": null
          },
          "sensitive_attributes": [],
          "private": "eyJlMmJmYjczMC1lY2FhLTExZTYtOGY4OC0zNDM2M2JjN2M0YzAiOnsiY3JlYXRlIjo2MDAwMDAwMDAwMCwiZGVsZXRlIjo2MDAwMDAwMDAwMCwidXBkYXRlIjo2MDAwMDAwMDAwMH19"
        }
      ]
    },
    {
      "mode": "managed",
      "type": "yandex_vpc_route_table",
      "name": "netology-route",
      "provider": "provider[\"registry.terraform.io/yandex-cloud/yandex\"]",
      "instances": [
        {
          "schema_version": 0,
          "attributes": {
            "created_at": "2022-08-07T15:21:30Z",
            "description": "",
            "folder_id": "b1g32bc6ughpds2k1k6o",
            "id": "enptffbvgnr3vp6pbr3j",
            "labels": {},
            "name": "nat-route",
            "network_id": "enpoh85qno8g5a2n9bk1",
            "static_route": [
              {
                "destination_prefix": "0.0.0.0/0",
                "next_hop_address": "192.168.10.254"
              }
            ],
            "timeouts": null
          },
          "sensitive_attributes": [],
          "private": "eyJlMmJmYjczMC1lY2FhLTExZTYtOGY4OC0zNDM2M2JjN2M0YzAiOnsiY3JlYXRlIjoxODAwMDAwMDAwMDAsImRlbGV0ZSI6MTgwMDAwMDAwMDAwLCJ1cGRhdGUiOjE4MDAwMDAwMDAwMH19",
          "dependencies": [
            "yandex_vpc_network.netology-network"
          ]
        }
      ]
    },
    {
      "mode": "managed",
      "type": "yandex_vpc_subnet",
      "name": "netology-subnet-ext",
      "provider": "provider[\"registry.terraform.io/yandex-cloud/yandex\"]",
      "instances": [
        {
          "schema_version": 0,
          "attributes": {
            "created_at": "2022-08-07T15:21:29Z",
            "description": "",
            "dhcp_options": [],
            "folder_id": "b1g32bc6ughpds2k1k6o",
            "id": "e9br0t6m67ralov7o369",
            "labels": {},
            "name": "netology-subnet-ext",
            "network_id": "enpoh85qno8g5a2n9bk1",
            "route_table_id": "",
            "timeouts": null,
            "v4_cidr_blocks": [
              "192.168.10.0/24"
            ],
            "v6_cidr_blocks": [],
            "zone": "ru-central1-a"
          },
          "sensitive_attributes": [],
          "private": "eyJlMmJmYjczMC1lY2FhLTExZTYtOGY4OC0zNDM2M2JjN2M0YzAiOnsiY3JlYXRlIjoxODAwMDAwMDAwMDAsImRlbGV0ZSI6MTgwMDAwMDAwMDAwLCJ1cGRhdGUiOjE4MDAwMDAwMDAwMH19",
          "dependencies": [
            "yandex_vpc_network.netology-network"
          ]
        }
      ]
    },
    {
      "mode": "managed",
      "type": "yandex_vpc_subnet",
      "name": "netology-subnet-int",
      "provider": "provider[\"registry.terraform.io/yandex-cloud/yandex\"]",
      "instances": [
        {
          "schema_version": 0,
          "attributes": {
            "created_at": "2022-08-07T15:21:31Z",
            "description": "",
            "dhcp_options": [],
            "folder_id": "b1g32bc6ughpds2k1k6o",
            "id": "e9bfskc77ql33fkjfvku",
            "labels": {},
            "name": "netology-subnet-int",
            "network_id": "enpoh85qno8g5a2n9bk1",
            "route_table_id": "enptffbvgnr3vp6pbr3j",
            "timeouts": null,
            "v4_cidr_blocks": [
              "192.168.20.0/24"
            ],
            "v6_cidr_blocks": [],
            "zone": "ru-central1-a"
          },
          "sensitive_attributes": [],
          "private": "eyJlMmJmYjczMC1lY2FhLTExZTYtOGY4OC0zNDM2M2JjN2M0YzAiOnsiY3JlYXRlIjoxODAwMDAwMDAwMDAsImRlbGV0ZSI6MTgwMDAwMDAwMDAwLCJ1cGRhdGUiOjE4MDAwMDAwMDAwMH19",
          "dependencies": [
            "yandex_vpc_network.netology-network",
            "yandex_vpc_route_table.netology-route"
          ]
        }
      ]
    }
  ]
}
